PODS:
  - SDWebImage (5.11.1):
    - SDWebImage/Core (= 5.11.1)
  - SDWebImage/Core (5.11.1)

DEPENDENCIES:
  - SDWebImage (~> 5.0)

SPEC REPOS:
  trunk:
    - SDWebImage

SPEC CHECKSUMS:
  SDWebImage: a7f831e1a65eb5e285e3fb046a23fcfbf08e696d

PODFILE CHECKSUM: a28a762846312428886c3dccd690a0a625a3672b

COCOAPODS: 1.11.0
